
Microsoft Visual Studio Solution File, Format Version 12.00
# Visual Studio Version 17
VisualStudioVersion = 17.4.33110.190
MinimumVisualStudioVersion = 10.0.40219.1
Project("{FAE04EC0-301F-11D3-BF4B-00C04F79EFBC}") = "ShopAPI", "ShopAPI\ShopAPI.csproj", "{D02FCFCC-5671-46EC-A821-B6415662F23B}"
EndProject
Global
	GlobalSection(SolutionConfigurationPlatforms) = preSolution
		Debug|Any CPU = Debug|Any CPU
		Release|Any CPU = Release|Any CPU
	EndGlobalSection
	GlobalSection(ProjectConfigurationPlatforms) = postSolution
		{D02FCFCC-5671-46EC-A821-B6415662F23B}.Debug|Any CPU.ActiveCfg = Debug|Any CPU
		{D02FCFCC-5671-46EC-A821-B6415662F23B}.Debug|Any CPU.Build.0 = Debug|Any CPU
		{D02FCFCC-5671-46EC-A821-B6415662F23B}.Release|Any CPU.ActiveCfg = Release|Any CPU
		{D02FCFCC-5671-46EC-A821-B6415662F23B}.Release|Any CPU.Build.0 = Release|Any CPU
	EndGlobalSection
	GlobalSection(SolutionProperties) = preSolution
		HideSolutionNode = FALSE
	EndGlobalSection
	GlobalSection(ExtensibilityGlobals) = postSolution
		SolutionGuid = {6EE78C48-C73A-4192-841E-2F1F2ADA051F}
	EndGlobalSection
EndGlobal
